
Microsoft Visual Studio Solution File, Format Version 12.00
# Visual Studio Version 17
VisualStudioVersion = 17.8.34322.80
MinimumVisualStudioVersion = 10.0.40219.1
Project("{9A19103F-16F7-4668-BE54-9A1E7A4F7556}") = "Sds.DentistChair.Api", "src\Sds.DentistChair.Api\Sds.DentistChair.Api.csproj", "{9E12E002-F157-4017-B462-08CDE845BB6C}"
EndProject
Project("{FAE04EC0-301F-11D3-BF4B-00C04F79EFBC}") = "Sds.DentistChair.Data", "src\Sds.DentistChair.Data\Sds.DentistChair.Data.csproj", "{BE406F50-9984-4A7B-A804-B27B78737B29}"
EndProject
Project("{FAE04EC0-301F-11D3-BF4B-00C04F79EFBC}") = "Sds.DentistChair.Domain", "src\Sds.DentistChair.Domain\Sds.DentistChair.Domain.csproj", "{88A42168-CE45-4703-AEEC-E5EF23BBB6A4}"
EndProject
Project("{FAE04EC0-301F-11D3-BF4B-00C04F79EFBC}") = "Sds.DentistChair.Validation", "src\Sds.DentistChair.Validation\Sds.DentistChair.Validation.csproj", "{EB1C625A-3649-4294-B7A1-36D5757E4598}"
EndProject
Global
	GlobalSection(SolutionConfigurationPlatforms) = preSolution
		Debug|Any CPU = Debug|Any CPU
		Release|Any CPU = Release|Any CPU
	EndGlobalSection
	GlobalSection(ProjectConfigurationPlatforms) = postSolution
		{9E12E002-F157-4017-B462-08CDE845BB6C}.Debug|Any CPU.ActiveCfg = Debug|Any CPU
		{9E12E002-F157-4017-B462-08CDE845BB6C}.Debug|Any CPU.Build.0 = Debug|Any CPU
		{9E12E002-F157-4017-B462-08CDE845BB6C}.Release|Any CPU.ActiveCfg = Release|Any CPU
		{9E12E002-F157-4017-B462-08CDE845BB6C}.Release|Any CPU.Build.0 = Release|Any CPU
		{BE406F50-9984-4A7B-A804-B27B78737B29}.Debug|Any CPU.ActiveCfg = Debug|Any CPU
		{BE406F50-9984-4A7B-A804-B27B78737B29}.Debug|Any CPU.Build.0 = Debug|Any CPU
		{BE406F50-9984-4A7B-A804-B27B78737B29}.Release|Any CPU.ActiveCfg = Release|Any CPU
		{BE406F50-9984-4A7B-A804-B27B78737B29}.Release|Any CPU.Build.0 = Release|Any CPU
		{88A42168-CE45-4703-AEEC-E5EF23BBB6A4}.Debug|Any CPU.ActiveCfg = Debug|Any CPU
		{88A42168-CE45-4703-AEEC-E5EF23BBB6A4}.Debug|Any CPU.Build.0 = Debug|Any CPU
		{88A42168-CE45-4703-AEEC-E5EF23BBB6A4}.Release|Any CPU.ActiveCfg = Release|Any CPU
		{88A42168-CE45-4703-AEEC-E5EF23BBB6A4}.Release|Any CPU.Build.0 = Release|Any CPU
		{EB1C625A-3649-4294-B7A1-36D5757E4598}.Debug|Any CPU.ActiveCfg = Debug|Any CPU
		{EB1C625A-3649-4294-B7A1-36D5757E4598}.Debug|Any CPU.Build.0 = Debug|Any CPU
		{EB1C625A-3649-4294-B7A1-36D5757E4598}.Release|Any CPU.ActiveCfg = Release|Any CPU
		{EB1C625A-3649-4294-B7A1-36D5757E4598}.Release|Any CPU.Build.0 = Release|Any CPU
	EndGlobalSection
	GlobalSection(SolutionProperties) = preSolution
		HideSolutionNode = FALSE
	EndGlobalSection
	GlobalSection(ExtensibilityGlobals) = postSolution
		SolutionGuid = {6DC396D9-31AA-468D-A079-E1D018F31CBF}
	EndGlobalSection
EndGlobal
